// !$*UTF8*$!
{
	archiveVersion = 1;
	classes = {
	};
	objectVersion = 56;
	objects = {

/* Begin PBXBuildFile section */
		D90253BD2C2C207C001198C6 /* SwiftSoup in Frameworks */ = {isa = PBXBuildFile; productRef = D90253BC2C2C207C001198C6 /* SwiftSoup */; };
		D92191522BFC68740049AC13 /* MapViewModel.swift in Sources */ = {isa = PBXBuildFile; fileRef = D92191512BFC68740049AC13 /* MapViewModel.swift */; };
		D922105F2BE8BBFA00301B08 /* MainViewModel.swift in Sources */ = {isa = PBXBuildFile; fileRef = D922105E2BE8BBFA00301B08 /* MainViewModel.swift */; };
		D92210612BE8C6B500301B08 /* IndieCinema.swift in Sources */ = {isa = PBXBuildFile; fileRef = D92210602BE8C6B500301B08 /* IndieCinema.swift */; };
		D92210642BE8CD6800301B08 /* Extensions.swift in Sources */ = {isa = PBXBuildFile; fileRef = D92210632BE8CD6800301B08 /* Extensions.swift */; };
		D92210662BE9019E00301B08 /* CinemaService.swift in Sources */ = {isa = PBXBuildFile; fileRef = D92210652BE9019E00301B08 /* CinemaService.swift */; };
		D92210682BE9028300301B08 /* MovieSchedule.swift in Sources */ = {isa = PBXBuildFile; fileRef = D92210672BE9028300301B08 /* MovieSchedule.swift */; };
		D926E3492BEA416000CFA01B /* CinemaCalendar.swift in Sources */ = {isa = PBXBuildFile; fileRef = D926E3482BEA416000CFA01B /* CinemaCalendar.swift */; };
		D92870BF2BEE419D00484866 /* CinemaCell.swift in Sources */ = {isa = PBXBuildFile; fileRef = D92870BE2BEE419D00484866 /* CinemaCell.swift */; };
		D937BD512C05C426001E7F2A /* Pretendard-Thin.otf in Resources */ = {isa = PBXBuildFile; fileRef = D937BD492C05C426001E7F2A /* Pretendard-Thin.otf */; };
		D937BD522C05C426001E7F2A /* Pretendard-ExtraBold.otf in Resources */ = {isa = PBXBuildFile; fileRef = D937BD4A2C05C426001E7F2A /* Pretendard-ExtraBold.otf */; };
		D937BD542C05C426001E7F2A /* Pretendard-Light.otf in Resources */ = {isa = PBXBuildFile; fileRef = D937BD4C2C05C426001E7F2A /* Pretendard-Light.otf */; };
		D937BD552C05C426001E7F2A /* Pretendard-ExtraLight.otf in Resources */ = {isa = PBXBuildFile; fileRef = D937BD4D2C05C426001E7F2A /* Pretendard-ExtraLight.otf */; };
		D937BD562C05C426001E7F2A /* Pretendard-Black.otf in Resources */ = {isa = PBXBuildFile; fileRef = D937BD4E2C05C426001E7F2A /* Pretendard-Black.otf */; };
		D937BD572C05C426001E7F2A /* Pretendard-SemiBold.otf in Resources */ = {isa = PBXBuildFile; fileRef = D937BD4F2C05C426001E7F2A /* Pretendard-SemiBold.otf */; };
		D937BD582C05C426001E7F2A /* Pretendard-Bold.otf in Resources */ = {isa = PBXBuildFile; fileRef = D937BD502C05C426001E7F2A /* Pretendard-Bold.otf */; };
		D937BD5A2C05C42D001E7F2A /* Pretendard-Regular.otf in Resources */ = {isa = PBXBuildFile; fileRef = D937BD592C05C42D001E7F2A /* Pretendard-Regular.otf */; };
		D937BD5C2C05C770001E7F2A /* FontLiterals.swift in Sources */ = {isa = PBXBuildFile; fileRef = D937BD5B2C05C770001E7F2A /* FontLiterals.swift */; };
		D937BD5E2C05C9CC001E7F2A /* Pretendard-Medium.otf in Resources */ = {isa = PBXBuildFile; fileRef = D937BD5D2C05C9CC001E7F2A /* Pretendard-Medium.otf */; };
		D937BD652C0609AA001E7F2A /* DataBaseManager.swift in Sources */ = {isa = PBXBuildFile; fileRef = D937BD642C0609AA001E7F2A /* DataBaseManager.swift */; };
		D94991622BFF2F0200B95F5F /* DateCell.swift in Sources */ = {isa = PBXBuildFile; fileRef = D94991612BFF2F0200B95F5F /* DateCell.swift */; };
		D94991642BFF6EEF00B95F5F /* DateCellViewModel.swift in Sources */ = {isa = PBXBuildFile; fileRef = D94991632BFF6EEF00B95F5F /* DateCellViewModel.swift */; };
		D94CDCE92C04CA300096951E /* Loaf in Frameworks */ = {isa = PBXBuildFile; productRef = D94CDCE82C04CA300096951E /* Loaf */; };
		D95C24CB2C0DA585001FA0DE /* BookmarkViewController.swift in Sources */ = {isa = PBXBuildFile; fileRef = D95C24CA2C0DA585001FA0DE /* BookmarkViewController.swift */; };
		D95C24CD2C0DA673001FA0DE /* BookmarkViewModel.swift in Sources */ = {isa = PBXBuildFile; fileRef = D95C24CC2C0DA673001FA0DE /* BookmarkViewModel.swift */; };
		D95C24CF2C0DB936001FA0DE /* BookmarkCell.swift in Sources */ = {isa = PBXBuildFile; fileRef = D95C24CE2C0DB936001FA0DE /* BookmarkCell.swift */; };
		D95C24D12C0DD6F8001FA0DE /* BookmarkCellViewModel.swift in Sources */ = {isa = PBXBuildFile; fileRef = D95C24D02C0DD6F8001FA0DE /* BookmarkCellViewModel.swift */; };
		D9AF46672BF490AB00DDC787 /* RxAppState in Frameworks */ = {isa = PBXBuildFile; productRef = D9AF46662BF490AB00DDC787 /* RxAppState */; settings = {ATTRIBUTES = (Required, ); }; };
		D9B37EB22BE7A67200AC1C55 /* AppDelegate.swift in Sources */ = {isa = PBXBuildFile; fileRef = D9B37EB12BE7A67200AC1C55 /* AppDelegate.swift */; };
		D9B37EB42BE7A67200AC1C55 /* SceneDelegate.swift in Sources */ = {isa = PBXBuildFile; fileRef = D9B37EB32BE7A67200AC1C55 /* SceneDelegate.swift */; };
		D9B37EBB2BE7A67300AC1C55 /* Assets.xcassets in Resources */ = {isa = PBXBuildFile; fileRef = D9B37EBA2BE7A67300AC1C55 /* Assets.xcassets */; };
		D9B37EBE2BE7A67300AC1C55 /* LaunchScreen.storyboard in Resources */ = {isa = PBXBuildFile; fileRef = D9B37EBC2BE7A67300AC1C55 /* LaunchScreen.storyboard */; };
		D9B37EC62BE7AA9600AC1C55 /* MainTabBarController.swift in Sources */ = {isa = PBXBuildFile; fileRef = D9B37EC52BE7AA9600AC1C55 /* MainTabBarController.swift */; };
		D9B37ECC2BE7AD2A00AC1C55 /* MainViewController.swift in Sources */ = {isa = PBXBuildFile; fileRef = D9B37ECB2BE7AD2A00AC1C55 /* MainViewController.swift */; };
		D9B37ECE2BE7AD6600AC1C55 /* MapViewController.swift in Sources */ = {isa = PBXBuildFile; fileRef = D9B37ECD2BE7AD6600AC1C55 /* MapViewController.swift */; };
		D9B37ED02BE7AE6100AC1C55 /* MainTabBarViewModel.swift in Sources */ = {isa = PBXBuildFile; fileRef = D9B37ECF2BE7AE6100AC1C55 /* MainTabBarViewModel.swift */; };
		D9B37EDE2BE7B18000AC1C55 /* LocationService.swift in Sources */ = {isa = PBXBuildFile; fileRef = D9B37EDD2BE7B18000AC1C55 /* LocationService.swift */; };
		D9B37EE12BE7B34800AC1C55 /* RxCoreLocation in Frameworks */ = {isa = PBXBuildFile; productRef = D9B37EE02BE7B34800AC1C55 /* RxCoreLocation */; };
		D9B37EE42BE7D21000AC1C55 /* Then in Frameworks */ = {isa = PBXBuildFile; productRef = D9B37EE32BE7D21000AC1C55 /* Then */; };
		D9B9184C2C18400B000C9443 /* RealmSwift in Frameworks */ = {isa = PBXBuildFile; productRef = D9B9184B2C18400B000C9443 /* RealmSwift */; };
		D9B9184F2C184012000C9443 /* SnapKit in Frameworks */ = {isa = PBXBuildFile; productRef = D9B9184E2C184012000C9443 /* SnapKit */; };
		D9B918542C184019000C9443 /* RxBlocking in Frameworks */ = {isa = PBXBuildFile; productRef = D9B918532C184019000C9443 /* RxBlocking */; };
		D9B918582C184019000C9443 /* RxCocoa in Frameworks */ = {isa = PBXBuildFile; productRef = D9B918572C184019000C9443 /* RxCocoa */; };
		D9B9185C2C184019000C9443 /* RxRelay in Frameworks */ = {isa = PBXBuildFile; productRef = D9B9185B2C184019000C9443 /* RxRelay */; };
		D9B9185D2C184029000C9443 /* RealmSwift in Embed Frameworks */ = {isa = PBXBuildFile; productRef = D9B9184B2C18400B000C9443 /* RealmSwift */; settings = {ATTRIBUTES = (CodeSignOnCopy, ); }; };
		D9B9185F2C187F8C000C9443 /* Colors.swift in Sources */ = {isa = PBXBuildFile; fileRef = D9B9185E2C187F8C000C9443 /* Colors.swift */; };
		D9CAAE3E2C09F436004ED4E0 /* MovieCellViewModel.swift in Sources */ = {isa = PBXBuildFile; fileRef = D9CAAE3D2C09F436004ED4E0 /* MovieCellViewModel.swift */; };
		D9CBDED52C0F5A3E00ECAEF8 /* MapDetailViewController.swift in Sources */ = {isa = PBXBuildFile; fileRef = D9CBDED42C0F5A3E00ECAEF8 /* MapDetailViewController.swift */; };
		D9DF86592C142C2C0042D9BC /* AlertHelper.swift in Sources */ = {isa = PBXBuildFile; fileRef = D9DF86582C142C2C0042D9BC /* AlertHelper.swift */; };
		D9DF865B2C14B3250042D9BC /* TransitionHelper.swift in Sources */ = {isa = PBXBuildFile; fileRef = D9DF865A2C14B3250042D9BC /* TransitionHelper.swift */; };
		D9F070A32BF0F84400F21641 /* MovieCell.swift in Sources */ = {isa = PBXBuildFile; fileRef = D9F070A22BF0F84400F21641 /* MovieCell.swift */; };
		D9F070A62BF106BE00F21641 /* Kingfisher in Frameworks */ = {isa = PBXBuildFile; productRef = D9F070A52BF106BE00F21641 /* Kingfisher */; };
		D9F44A5C2C10420C00AF6718 /* RxMKMapViewDelegateProxy.swift in Sources */ = {isa = PBXBuildFile; fileRef = D9F44A5B2C10420C00AF6718 /* RxMKMapViewDelegateProxy.swift */; };
		D9F44A5E2C108DE100AF6718 /* MapDetailViewModel.swift in Sources */ = {isa = PBXBuildFile; fileRef = D9F44A5D2C108DE100AF6718 /* MapDetailViewModel.swift */; };
		D9F8D4DE2C03726F00B811BD /* MovieDetailViewController.swift in Sources */ = {isa = PBXBuildFile; fileRef = D9F8D4DD2C03726F00B811BD /* MovieDetailViewController.swift */; };
		D9F8D4E02C0375EE00B811BD /* MovieDetailViewModel.swift in Sources */ = {isa = PBXBuildFile; fileRef = D9F8D4DF2C0375EE00B811BD /* MovieDetailViewModel.swift */; };
		D9F8D4E22C03793900B811BD /* MovieService.swift in Sources */ = {isa = PBXBuildFile; fileRef = D9F8D4E12C03793900B811BD /* MovieService.swift */; };
		D9F8D4E42C037A7200B811BD /* MovieData.swift in Sources */ = {isa = PBXBuildFile; fileRef = D9F8D4E32C037A7200B811BD /* MovieData.swift */; };
/* End PBXBuildFile section */

/* Begin PBXCopyFilesBuildPhase section */
		D92B795A2C16D62E00E99ACD /* Embed Frameworks */ = {
			isa = PBXCopyFilesBuildPhase;
			buildActionMask = 2147483647;
			dstPath = "";
			dstSubfolderSpec = 10;
			files = (
				D9B9185D2C184029000C9443 /* RealmSwift in Embed Frameworks */,
			);
			name = "Embed Frameworks";
			runOnlyForDeploymentPostprocessing = 0;
		};
/* End PBXCopyFilesBuildPhase section */

/* Begin PBXFileReference section */
		D90253BE2C2C2461001198C6 /* ko */ = {isa = PBXFileReference; lastKnownFileType = text.plist.strings; name = ko; path = ko.lproj/LaunchScreen.strings; sourceTree = "<group>"; };
		D92191512BFC68740049AC13 /* MapViewModel.swift */ = {isa = PBXFileReference; lastKnownFileType = sourcecode.swift; path = MapViewModel.swift; sourceTree = "<group>"; };
		D922105E2BE8BBFA00301B08 /* MainViewModel.swift */ = {isa = PBXFileReference; lastKnownFileType = sourcecode.swift; path = MainViewModel.swift; sourceTree = "<group>"; };
		D92210602BE8C6B500301B08 /* IndieCinema.swift */ = {isa = PBXFileReference; lastKnownFileType = sourcecode.swift; path = IndieCinema.swift; sourceTree = "<group>"; };
		D92210632BE8CD6800301B08 /* Extensions.swift */ = {isa = PBXFileReference; lastKnownFileType = sourcecode.swift; path = Extensions.swift; sourceTree = "<group>"; };
		D92210652BE9019E00301B08 /* CinemaService.swift */ = {isa = PBXFileReference; lastKnownFileType = sourcecode.swift; path = CinemaService.swift; sourceTree = "<group>"; };
		D92210672BE9028300301B08 /* MovieSchedule.swift */ = {isa = PBXFileReference; lastKnownFileType = sourcecode.swift; path = MovieSchedule.swift; sourceTree = "<group>"; };
		D926E3482BEA416000CFA01B /* CinemaCalendar.swift */ = {isa = PBXFileReference; lastKnownFileType = sourcecode.swift; path = CinemaCalendar.swift; sourceTree = "<group>"; };
		D92870BE2BEE419D00484866 /* CinemaCell.swift */ = {isa = PBXFileReference; lastKnownFileType = sourcecode.swift; path = CinemaCell.swift; sourceTree = "<group>"; };
		D937BD492C05C426001E7F2A /* Pretendard-Thin.otf */ = {isa = PBXFileReference; lastKnownFileType = file; path = "Pretendard-Thin.otf"; sourceTree = "<group>"; };
		D937BD4A2C05C426001E7F2A /* Pretendard-ExtraBold.otf */ = {isa = PBXFileReference; lastKnownFileType = file; path = "Pretendard-ExtraBold.otf"; sourceTree = "<group>"; };
		D937BD4C2C05C426001E7F2A /* Pretendard-Light.otf */ = {isa = PBXFileReference; lastKnownFileType = file; path = "Pretendard-Light.otf"; sourceTree = "<group>"; };
		D937BD4D2C05C426001E7F2A /* Pretendard-ExtraLight.otf */ = {isa = PBXFileReference; lastKnownFileType = file; path = "Pretendard-ExtraLight.otf"; sourceTree = "<group>"; };
		D937BD4E2C05C426001E7F2A /* Pretendard-Black.otf */ = {isa = PBXFileReference; lastKnownFileType = file; path = "Pretendard-Black.otf"; sourceTree = "<group>"; };
		D937BD4F2C05C426001E7F2A /* Pretendard-SemiBold.otf */ = {isa = PBXFileReference; lastKnownFileType = file; path = "Pretendard-SemiBold.otf"; sourceTree = "<group>"; };
		D937BD502C05C426001E7F2A /* Pretendard-Bold.otf */ = {isa = PBXFileReference; lastKnownFileType = file; path = "Pretendard-Bold.otf"; sourceTree = "<group>"; };
		D937BD592C05C42D001E7F2A /* Pretendard-Regular.otf */ = {isa = PBXFileReference; lastKnownFileType = file; path = "Pretendard-Regular.otf"; sourceTree = "<group>"; };
		D937BD5B2C05C770001E7F2A /* FontLiterals.swift */ = {isa = PBXFileReference; lastKnownFileType = sourcecode.swift; path = FontLiterals.swift; sourceTree = "<group>"; };
		D937BD5D2C05C9CC001E7F2A /* Pretendard-Medium.otf */ = {isa = PBXFileReference; lastKnownFileType = file; path = "Pretendard-Medium.otf"; sourceTree = "<group>"; };
		D937BD642C0609AA001E7F2A /* DataBaseManager.swift */ = {isa = PBXFileReference; lastKnownFileType = sourcecode.swift; path = DataBaseManager.swift; sourceTree = "<group>"; };
		D94991612BFF2F0200B95F5F /* DateCell.swift */ = {isa = PBXFileReference; lastKnownFileType = sourcecode.swift; path = DateCell.swift; sourceTree = "<group>"; };
		D94991632BFF6EEF00B95F5F /* DateCellViewModel.swift */ = {isa = PBXFileReference; lastKnownFileType = sourcecode.swift; path = DateCellViewModel.swift; sourceTree = "<group>"; };
		D95C24CA2C0DA585001FA0DE /* BookmarkViewController.swift */ = {isa = PBXFileReference; lastKnownFileType = sourcecode.swift; path = BookmarkViewController.swift; sourceTree = "<group>"; };
		D95C24CC2C0DA673001FA0DE /* BookmarkViewModel.swift */ = {isa = PBXFileReference; lastKnownFileType = sourcecode.swift; path = BookmarkViewModel.swift; sourceTree = "<group>"; };
		D95C24CE2C0DB936001FA0DE /* BookmarkCell.swift */ = {isa = PBXFileReference; lastKnownFileType = sourcecode.swift; path = BookmarkCell.swift; sourceTree = "<group>"; };
		D95C24D02C0DD6F8001FA0DE /* BookmarkCellViewModel.swift */ = {isa = PBXFileReference; lastKnownFileType = sourcecode.swift; path = BookmarkCellViewModel.swift; sourceTree = "<group>"; };
		D9B37EAE2BE7A67200AC1C55 /* ODindi.app */ = {isa = PBXFileReference; explicitFileType = wrapper.application; includeInIndex = 0; path = ODindi.app; sourceTree = BUILT_PRODUCTS_DIR; };
		D9B37EB12BE7A67200AC1C55 /* AppDelegate.swift */ = {isa = PBXFileReference; lastKnownFileType = sourcecode.swift; path = AppDelegate.swift; sourceTree = "<group>"; };
		D9B37EB32BE7A67200AC1C55 /* SceneDelegate.swift */ = {isa = PBXFileReference; lastKnownFileType = sourcecode.swift; path = SceneDelegate.swift; sourceTree = "<group>"; };
		D9B37EBA2BE7A67300AC1C55 /* Assets.xcassets */ = {isa = PBXFileReference; lastKnownFileType = folder.assetcatalog; path = Assets.xcassets; sourceTree = "<group>"; };
		D9B37EBD2BE7A67300AC1C55 /* Base */ = {isa = PBXFileReference; lastKnownFileType = file.storyboard; name = Base; path = Base.lproj/LaunchScreen.storyboard; sourceTree = "<group>"; };
		D9B37EBF2BE7A67300AC1C55 /* Info.plist */ = {isa = PBXFileReference; lastKnownFileType = text.plist.xml; path = Info.plist; sourceTree = "<group>"; };
		D9B37EC52BE7AA9600AC1C55 /* MainTabBarController.swift */ = {isa = PBXFileReference; lastKnownFileType = sourcecode.swift; path = MainTabBarController.swift; sourceTree = "<group>"; };
		D9B37ECB2BE7AD2A00AC1C55 /* MainViewController.swift */ = {isa = PBXFileReference; lastKnownFileType = sourcecode.swift; path = MainViewController.swift; sourceTree = "<group>"; };
		D9B37ECD2BE7AD6600AC1C55 /* MapViewController.swift */ = {isa = PBXFileReference; lastKnownFileType = sourcecode.swift; path = MapViewController.swift; sourceTree = "<group>"; };
		D9B37ECF2BE7AE6100AC1C55 /* MainTabBarViewModel.swift */ = {isa = PBXFileReference; lastKnownFileType = sourcecode.swift; path = MainTabBarViewModel.swift; sourceTree = "<group>"; };
		D9B37EDD2BE7B18000AC1C55 /* LocationService.swift */ = {isa = PBXFileReference; lastKnownFileType = sourcecode.swift; path = LocationService.swift; sourceTree = "<group>"; };
		D9B9185E2C187F8C000C9443 /* Colors.swift */ = {isa = PBXFileReference; lastKnownFileType = sourcecode.swift; path = Colors.swift; sourceTree = "<group>"; };
		D9CAAE3D2C09F436004ED4E0 /* MovieCellViewModel.swift */ = {isa = PBXFileReference; lastKnownFileType = sourcecode.swift; path = MovieCellViewModel.swift; sourceTree = "<group>"; };
		D9CBDED42C0F5A3E00ECAEF8 /* MapDetailViewController.swift */ = {isa = PBXFileReference; lastKnownFileType = sourcecode.swift; path = MapDetailViewController.swift; sourceTree = "<group>"; };
		D9DF86582C142C2C0042D9BC /* AlertHelper.swift */ = {isa = PBXFileReference; lastKnownFileType = sourcecode.swift; path = AlertHelper.swift; sourceTree = "<group>"; };
		D9DF865A2C14B3250042D9BC /* TransitionHelper.swift */ = {isa = PBXFileReference; lastKnownFileType = sourcecode.swift; path = TransitionHelper.swift; sourceTree = "<group>"; };
		D9F070A22BF0F84400F21641 /* MovieCell.swift */ = {isa = PBXFileReference; lastKnownFileType = sourcecode.swift; path = MovieCell.swift; sourceTree = "<group>"; };
		D9F44A5B2C10420C00AF6718 /* RxMKMapViewDelegateProxy.swift */ = {isa = PBXFileReference; lastKnownFileType = sourcecode.swift; path = RxMKMapViewDelegateProxy.swift; sourceTree = "<group>"; };
		D9F44A5D2C108DE100AF6718 /* MapDetailViewModel.swift */ = {isa = PBXFileReference; lastKnownFileType = sourcecode.swift; path = MapDetailViewModel.swift; sourceTree = "<group>"; };
		D9F8D4DD2C03726F00B811BD /* MovieDetailViewController.swift */ = {isa = PBXFileReference; lastKnownFileType = sourcecode.swift; path = MovieDetailViewController.swift; sourceTree = "<group>"; };
		D9F8D4DF2C0375EE00B811BD /* MovieDetailViewModel.swift */ = {isa = PBXFileReference; lastKnownFileType = sourcecode.swift; path = MovieDetailViewModel.swift; sourceTree = "<group>"; };
		D9F8D4E12C03793900B811BD /* MovieService.swift */ = {isa = PBXFileReference; lastKnownFileType = sourcecode.swift; path = MovieService.swift; sourceTree = "<group>"; };
		D9F8D4E32C037A7200B811BD /* MovieData.swift */ = {isa = PBXFileReference; lastKnownFileType = sourcecode.swift; path = MovieData.swift; sourceTree = "<group>"; };
/* End PBXFileReference section */

/* Begin PBXFrameworksBuildPhase section */
		D9B37EAB2BE7A67200AC1C55 /* Frameworks */ = {
			isa = PBXFrameworksBuildPhase;
			buildActionMask = 2147483647;
			files = (
				D9B9185C2C184019000C9443 /* RxRelay in Frameworks */,
				D9B9184C2C18400B000C9443 /* RealmSwift in Frameworks */,
				D9AF46672BF490AB00DDC787 /* RxAppState in Frameworks */,
				D9B918582C184019000C9443 /* RxCocoa in Frameworks */,
				D9B37EE12BE7B34800AC1C55 /* RxCoreLocation in Frameworks */,
				D9B37EE42BE7D21000AC1C55 /* Then in Frameworks */,
				D9B918542C184019000C9443 /* RxBlocking in Frameworks */,
				D90253BD2C2C207C001198C6 /* SwiftSoup in Frameworks */,
				D94CDCE92C04CA300096951E /* Loaf in Frameworks */,
				D9B9184F2C184012000C9443 /* SnapKit in Frameworks */,
				D9F070A62BF106BE00F21641 /* Kingfisher in Frameworks */,
			);
			runOnlyForDeploymentPostprocessing = 0;
		};
/* End PBXFrameworksBuildPhase section */

/* Begin PBXGroup section */
		D910B91C2C1B3893001FBFB8 /* App */ = {
			isa = PBXGroup;
			children = (
				D9B37EB12BE7A67200AC1C55 /* AppDelegate.swift */,
				D9B37EB32BE7A67200AC1C55 /* SceneDelegate.swift */,
			);
			path = App;
			sourceTree = "<group>";
		};
		D910B91D2C1B3A02001FBFB8 /* Data */ = {
			isa = PBXGroup;
			children = (
				D937BD642C0609AA001E7F2A /* DataBaseManager.swift */,
			);
			path = Data;
			sourceTree = "<group>";
		};
		D910B91E2C1B3A8C001FBFB8 /* Resource */ = {
			isa = PBXGroup;
			children = (
				D937BD482C05C3CE001E7F2A /* Font */,
				D9B37EBA2BE7A67300AC1C55 /* Assets.xcassets */,
				D9B9185E2C187F8C000C9443 /* Colors.swift */,
			);
			path = Resource;
			sourceTree = "<group>";
		};
		D910B91F2C1B3AF5001FBFB8 /* Presentation */ = {
			isa = PBXGroup;
			children = (
				D910B9202C1B3B22001FBFB8 /* MainTabBarScene */,
				D910B9242C1B3B6E001FBFB8 /* MainViewScene */,
				D910B9272C1B3C82001FBFB8 /* MapViewScene */,
				D910B92A2C1B3CE4001FBFB8 /* BookmarkScene */,
			);
			path = Presentation;
			sourceTree = "<group>";
		};
		D910B9202C1B3B22001FBFB8 /* MainTabBarScene */ = {
			isa = PBXGroup;
			children = (
				D910B9212C1B3B3F001FBFB8 /* View */,
				D910B9232C1B3B4E001FBFB8 /* ViewModel */,
			);
			path = MainTabBarScene;
			sourceTree = "<group>";
		};
		D910B9212C1B3B3F001FBFB8 /* View */ = {
			isa = PBXGroup;
			children = (
				D9B37EC52BE7AA9600AC1C55 /* MainTabBarController.swift */,
			);
			path = View;
			sourceTree = "<group>";
		};
		D910B9232C1B3B4E001FBFB8 /* ViewModel */ = {
			isa = PBXGroup;
			children = (
				D9B37ECF2BE7AE6100AC1C55 /* MainTabBarViewModel.swift */,
			);
			path = ViewModel;
			sourceTree = "<group>";
		};
		D910B9242C1B3B6E001FBFB8 /* MainViewScene */ = {
			isa = PBXGroup;
			children = (
				D910B9252C1B3BC6001FBFB8 /* View */,
				D910B9262C1B3BC9001FBFB8 /* ViewModel */,
			);
			path = MainViewScene;
			sourceTree = "<group>";
		};
		D910B9252C1B3BC6001FBFB8 /* View */ = {
			isa = PBXGroup;
			children = (
				D9B37ECB2BE7AD2A00AC1C55 /* MainViewController.swift */,
				D9F8D4DD2C03726F00B811BD /* MovieDetailViewController.swift */,
				D92870BE2BEE419D00484866 /* CinemaCell.swift */,
				D94991612BFF2F0200B95F5F /* DateCell.swift */,
				D9F070A22BF0F84400F21641 /* MovieCell.swift */,
			);
			path = View;
			sourceTree = "<group>";
		};
		D910B9262C1B3BC9001FBFB8 /* ViewModel */ = {
			isa = PBXGroup;
			children = (
				D922105E2BE8BBFA00301B08 /* MainViewModel.swift */,
				D9F8D4DF2C0375EE00B811BD /* MovieDetailViewModel.swift */,
				D94991632BFF6EEF00B95F5F /* DateCellViewModel.swift */,
				D9CAAE3D2C09F436004ED4E0 /* MovieCellViewModel.swift */,
			);
			path = ViewModel;
			sourceTree = "<group>";
		};
		D910B9272C1B3C82001FBFB8 /* MapViewScene */ = {
			isa = PBXGroup;
			children = (
				D910B9282C1B3CC3001FBFB8 /* View */,
				D910B9292C1B3CC7001FBFB8 /* ViewModel */,
			);
			path = MapViewScene;
			sourceTree = "<group>";
		};
		D910B9282C1B3CC3001FBFB8 /* View */ = {
			isa = PBXGroup;
			children = (
				D9B37ECD2BE7AD6600AC1C55 /* MapViewController.swift */,
				D9CBDED42C0F5A3E00ECAEF8 /* MapDetailViewController.swift */,
			);
			path = View;
			sourceTree = "<group>";
		};
		D910B9292C1B3CC7001FBFB8 /* ViewModel */ = {
			isa = PBXGroup;
			children = (
				D92191512BFC68740049AC13 /* MapViewModel.swift */,
				D9F44A5D2C108DE100AF6718 /* MapDetailViewModel.swift */,
			);
			path = ViewModel;
			sourceTree = "<group>";
		};
		D910B92A2C1B3CE4001FBFB8 /* BookmarkScene */ = {
			isa = PBXGroup;
			children = (
				D910B92B2C1B3CF7001FBFB8 /* View */,
				D910B92C2C1B3CFC001FBFB8 /* ViewModel */,
			);
			path = BookmarkScene;
			sourceTree = "<group>";
		};
		D910B92B2C1B3CF7001FBFB8 /* View */ = {
			isa = PBXGroup;
			children = (
				D95C24CA2C0DA585001FA0DE /* BookmarkViewController.swift */,
				D95C24CE2C0DB936001FA0DE /* BookmarkCell.swift */,
			);
			path = View;
			sourceTree = "<group>";
		};
		D910B92C2C1B3CFC001FBFB8 /* ViewModel */ = {
			isa = PBXGroup;
			children = (
				D95C24CC2C0DA673001FA0DE /* BookmarkViewModel.swift */,
				D95C24D02C0DD6F8001FA0DE /* BookmarkCellViewModel.swift */,
			);
			path = ViewModel;
			sourceTree = "<group>";
		};
		D92210622BE8CD4900301B08 /* Utility */ = {
			isa = PBXGroup;
			children = (
				D92210632BE8CD6800301B08 /* Extensions.swift */,
				D9F44A5B2C10420C00AF6718 /* RxMKMapViewDelegateProxy.swift */,
				D9DF86582C142C2C0042D9BC /* AlertHelper.swift */,
				D9DF865A2C14B3250042D9BC /* TransitionHelper.swift */,
			);
			path = Utility;
			sourceTree = "<group>";
		};
		D926E3662BEA6DFB00CFA01B /* Frameworks */ = {
			isa = PBXGroup;
			children = (
			);
			name = Frameworks;
			sourceTree = "<group>";
		};
		D937BD482C05C3CE001E7F2A /* Font */ = {
			isa = PBXGroup;
			children = (
				D937BD592C05C42D001E7F2A /* Pretendard-Regular.otf */,
				D937BD4E2C05C426001E7F2A /* Pretendard-Black.otf */,
				D937BD502C05C426001E7F2A /* Pretendard-Bold.otf */,
				D937BD5D2C05C9CC001E7F2A /* Pretendard-Medium.otf */,
				D937BD4A2C05C426001E7F2A /* Pretendard-ExtraBold.otf */,
				D937BD4D2C05C426001E7F2A /* Pretendard-ExtraLight.otf */,
				D937BD4C2C05C426001E7F2A /* Pretendard-Light.otf */,
				D937BD4F2C05C426001E7F2A /* Pretendard-SemiBold.otf */,
				D937BD492C05C426001E7F2A /* Pretendard-Thin.otf */,
				D937BD5B2C05C770001E7F2A /* FontLiterals.swift */,
			);
			path = Font;
			sourceTree = "<group>";
		};
		D9B37EA52BE7A67200AC1C55 = {
			isa = PBXGroup;
			children = (
				D9B37EB02BE7A67200AC1C55 /* ODindi */,
				D9B37EAF2BE7A67200AC1C55 /* Products */,
				D926E3662BEA6DFB00CFA01B /* Frameworks */,
			);
			sourceTree = "<group>";
		};
		D9B37EAF2BE7A67200AC1C55 /* Products */ = {
			isa = PBXGroup;
			children = (
				D9B37EAE2BE7A67200AC1C55 /* ODindi.app */,
			);
			name = Products;
			sourceTree = "<group>";
		};
		D9B37EB02BE7A67200AC1C55 /* ODindi */ = {
			isa = PBXGroup;
			children = (
				D910B91C2C1B3893001FBFB8 /* App */,
				D9B37EDC2BE7B17500AC1C55 /* Network */,
				D910B91D2C1B3A02001FBFB8 /* Data */,
				D9B37EC72BE7AB8000AC1C55 /* Model */,
				D910B91F2C1B3AF5001FBFB8 /* Presentation */,
				D92210622BE8CD4900301B08 /* Utility */,
				D910B91E2C1B3A8C001FBFB8 /* Resource */,
				D9B37EBC2BE7A67300AC1C55 /* LaunchScreen.storyboard */,
				D9B37EBF2BE7A67300AC1C55 /* Info.plist */,
			);
			path = ODindi;
			sourceTree = "<group>";
		};
		D9B37EC72BE7AB8000AC1C55 /* Model */ = {
			isa = PBXGroup;
			children = (
				D92210602BE8C6B500301B08 /* IndieCinema.swift */,
				D926E3482BEA416000CFA01B /* CinemaCalendar.swift */,
				D92210672BE9028300301B08 /* MovieSchedule.swift */,
				D9F8D4E32C037A7200B811BD /* MovieData.swift */,
			);
			path = Model;
			sourceTree = "<group>";
		};
		D9B37EDC2BE7B17500AC1C55 /* Network */ = {
			isa = PBXGroup;
			children = (
				D9B37EDD2BE7B18000AC1C55 /* LocationService.swift */,
				D92210652BE9019E00301B08 /* CinemaService.swift */,
				D9F8D4E12C03793900B811BD /* MovieService.swift */,
			);
			path = Network;
			sourceTree = "<group>";
		};
/* End PBXGroup section */

/* Begin PBXNativeTarget section */
		D9B37EAD2BE7A67200AC1C55 /* ODindi */ = {
			isa = PBXNativeTarget;
			buildConfigurationList = D9B37EC22BE7A67300AC1C55 /* Build configuration list for PBXNativeTarget "ODindi" */;
			buildPhases = (
				D9B37EAA2BE7A67200AC1C55 /* Sources */,
				D9B37EAB2BE7A67200AC1C55 /* Frameworks */,
				D9B37EAC2BE7A67200AC1C55 /* Resources */,
				D92B795A2C16D62E00E99ACD /* Embed Frameworks */,
			);
			buildRules = (
			);
			dependencies = (
			);
			name = ODindi;
			packageProductDependencies = (
				D9B37EE02BE7B34800AC1C55 /* RxCoreLocation */,
				D9B37EE32BE7D21000AC1C55 /* Then */,
				D9F070A52BF106BE00F21641 /* Kingfisher */,
				D9AF46662BF490AB00DDC787 /* RxAppState */,
				D94CDCE82C04CA300096951E /* Loaf */,
				D9B9184B2C18400B000C9443 /* RealmSwift */,
				D9B9184E2C184012000C9443 /* SnapKit */,
				D9B918532C184019000C9443 /* RxBlocking */,
				D9B918572C184019000C9443 /* RxCocoa */,
				D9B9185B2C184019000C9443 /* RxRelay */,
				D90253BC2C2C207C001198C6 /* SwiftSoup */,
			);
			productName = ODindi;
			productReference = D9B37EAE2BE7A67200AC1C55 /* ODindi.app */;
			productType = "com.apple.product-type.application";
		};
/* End PBXNativeTarget section */

/* Begin PBXProject section */
		D9B37EA62BE7A67200AC1C55 /* Project object */ = {
			isa = PBXProject;
			attributes = {
				BuildIndependentTargetsInParallel = 1;
				LastSwiftUpdateCheck = 1500;
				LastUpgradeCheck = 1500;
				TargetAttributes = {
					D9B37EAD2BE7A67200AC1C55 = {
						CreatedOnToolsVersion = 15.0;
					};
				};
			};
			buildConfigurationList = D9B37EA92BE7A67200AC1C55 /* Build configuration list for PBXProject "ODindi" */;
			compatibilityVersion = "Xcode 14.0";
			developmentRegion = ko;
			hasScannedForEncodings = 0;
			knownRegions = (
				en,
				Base,
				ko,
			);
			mainGroup = D9B37EA52BE7A67200AC1C55;
			packageReferences = (
				D9B37EDF2BE7B34800AC1C55 /* XCRemoteSwiftPackageReference "RxCoreLocation" */,
				D9B37EE22BE7D21000AC1C55 /* XCRemoteSwiftPackageReference "Then" */,
				D9F070A42BF106BD00F21641 /* XCRemoteSwiftPackageReference "Kingfisher" */,
				D9AF46652BF490AB00DDC787 /* XCRemoteSwiftPackageReference "RxAppState" */,
				D94CDCE72C04CA300096951E /* XCRemoteSwiftPackageReference "Loaf" */,
				D9B918482C18400B000C9443 /* XCRemoteSwiftPackageReference "realm-swift" */,
				D9B9184D2C184012000C9443 /* XCRemoteSwiftPackageReference "SnapKit" */,
				D9B918522C184019000C9443 /* XCRemoteSwiftPackageReference "RxSwift" */,
				D90253BB2C2C207C001198C6 /* XCRemoteSwiftPackageReference "SwiftSoup" */,
			);
			productRefGroup = D9B37EAF2BE7A67200AC1C55 /* Products */;
			projectDirPath = "";
			projectRoot = "";
			targets = (
				D9B37EAD2BE7A67200AC1C55 /* ODindi */,
			);
		};
/* End PBXProject section */

/* Begin PBXResourcesBuildPhase section */
		D9B37EAC2BE7A67200AC1C55 /* Resources */ = {
			isa = PBXResourcesBuildPhase;
			buildActionMask = 2147483647;
			files = (
				D937BD552C05C426001E7F2A /* Pretendard-ExtraLight.otf in Resources */,
				D937BD582C05C426001E7F2A /* Pretendard-Bold.otf in Resources */,
				D937BD512C05C426001E7F2A /* Pretendard-Thin.otf in Resources */,
				D9B37EBE2BE7A67300AC1C55 /* LaunchScreen.storyboard in Resources */,
				D937BD522C05C426001E7F2A /* Pretendard-ExtraBold.otf in Resources */,
				D9B37EBB2BE7A67300AC1C55 /* Assets.xcassets in Resources */,
				D937BD572C05C426001E7F2A /* Pretendard-SemiBold.otf in Resources */,
				D937BD5A2C05C42D001E7F2A /* Pretendard-Regular.otf in Resources */,
				D937BD562C05C426001E7F2A /* Pretendard-Black.otf in Resources */,
				D937BD542C05C426001E7F2A /* Pretendard-Light.otf in Resources */,
				D937BD5E2C05C9CC001E7F2A /* Pretendard-Medium.otf in Resources */,
			);
			runOnlyForDeploymentPostprocessing = 0;
		};
/* End PBXResourcesBuildPhase section */

/* Begin PBXSourcesBuildPhase section */
		D9B37EAA2BE7A67200AC1C55 /* Sources */ = {
			isa = PBXSourcesBuildPhase;
			buildActionMask = 2147483647;
			files = (
				D9DF865B2C14B3250042D9BC /* TransitionHelper.swift in Sources */,
				D9B37EDE2BE7B18000AC1C55 /* LocationService.swift in Sources */,
				D926E3492BEA416000CFA01B /* CinemaCalendar.swift in Sources */,
				D92210682BE9028300301B08 /* MovieSchedule.swift in Sources */,
				D9B37EC62BE7AA9600AC1C55 /* MainTabBarController.swift in Sources */,
				D9B37EB22BE7A67200AC1C55 /* AppDelegate.swift in Sources */,
				D9CAAE3E2C09F436004ED4E0 /* MovieCellViewModel.swift in Sources */,
				D92210662BE9019E00301B08 /* CinemaService.swift in Sources */,
				D95C24CB2C0DA585001FA0DE /* BookmarkViewController.swift in Sources */,
				D9F8D4E22C03793900B811BD /* MovieService.swift in Sources */,
				D92870BF2BEE419D00484866 /* CinemaCell.swift in Sources */,
				D94991622BFF2F0200B95F5F /* DateCell.swift in Sources */,
				D92191522BFC68740049AC13 /* MapViewModel.swift in Sources */,
				D92210612BE8C6B500301B08 /* IndieCinema.swift in Sources */,
				D9F070A32BF0F84400F21641 /* MovieCell.swift in Sources */,
				D9F8D4E42C037A7200B811BD /* MovieData.swift in Sources */,
				D95C24CF2C0DB936001FA0DE /* BookmarkCell.swift in Sources */,
				D9F44A5E2C108DE100AF6718 /* MapDetailViewModel.swift in Sources */,
				D9F8D4E02C0375EE00B811BD /* MovieDetailViewModel.swift in Sources */,
				D9B37ECE2BE7AD6600AC1C55 /* MapViewController.swift in Sources */,
				D92210642BE8CD6800301B08 /* Extensions.swift in Sources */,
				D9F8D4DE2C03726F00B811BD /* MovieDetailViewController.swift in Sources */,
				D9CBDED52C0F5A3E00ECAEF8 /* MapDetailViewController.swift in Sources */,
				D9DF86592C142C2C0042D9BC /* AlertHelper.swift in Sources */,
				D9B37EB42BE7A67200AC1C55 /* SceneDelegate.swift in Sources */,
				D95C24D12C0DD6F8001FA0DE /* BookmarkCellViewModel.swift in Sources */,
				D9F44A5C2C10420C00AF6718 /* RxMKMapViewDelegateProxy.swift in Sources */,
				D937BD652C0609AA001E7F2A /* DataBaseManager.swift in Sources */,
				D95C24CD2C0DA673001FA0DE /* BookmarkViewModel.swift in Sources */,
				D9B37ED02BE7AE6100AC1C55 /* MainTabBarViewModel.swift in Sources */,
				D937BD5C2C05C770001E7F2A /* FontLiterals.swift in Sources */,
				D9B9185F2C187F8C000C9443 /* Colors.swift in Sources */,
				D9B37ECC2BE7AD2A00AC1C55 /* MainViewController.swift in Sources */,
				D94991642BFF6EEF00B95F5F /* DateCellViewModel.swift in Sources */,
				D922105F2BE8BBFA00301B08 /* MainViewModel.swift in Sources */,
			);
			runOnlyForDeploymentPostprocessing = 0;
		};
/* End PBXSourcesBuildPhase section */

/* Begin PBXVariantGroup section */
		D9B37EBC2BE7A67300AC1C55 /* LaunchScreen.storyboard */ = {
			isa = PBXVariantGroup;
			children = (
				D9B37EBD2BE7A67300AC1C55 /* Base */,
				D90253BE2C2C2461001198C6 /* ko */,
			);
			name = LaunchScreen.storyboard;
			sourceTree = "<group>";
		};
/* End PBXVariantGroup section */

/* Begin XCBuildConfiguration section */
		D9B37EC02BE7A67300AC1C55 /* Debug */ = {
			isa = XCBuildConfiguration;
			buildSettings = {
				ALWAYS_SEARCH_USER_PATHS = NO;
				ASSETCATALOG_COMPILER_GENERATE_SWIFT_ASSET_SYMBOL_EXTENSIONS = YES;
				CLANG_ANALYZER_LOCALIZABILITY_NONLOCALIZED = YES;
				CLANG_ANALYZER_NONNULL = YES;
				CLANG_ANALYZER_NUMBER_OBJECT_CONVERSION = YES_AGGRESSIVE;
				CLANG_CXX_LANGUAGE_STANDARD = "gnu++20";
				CLANG_ENABLE_MODULES = YES;
				CLANG_ENABLE_OBJC_ARC = YES;
				CLANG_ENABLE_OBJC_WEAK = YES;
				CLANG_WARN_BLOCK_CAPTURE_AUTORELEASING = YES;
				CLANG_WARN_BOOL_CONVERSION = YES;
				CLANG_WARN_COMMA = YES;
				CLANG_WARN_CONSTANT_CONVERSION = YES;
				CLANG_WARN_DEPRECATED_OBJC_IMPLEMENTATIONS = YES;
				CLANG_WARN_DIRECT_OBJC_ISA_USAGE = YES_ERROR;
				CLANG_WARN_DOCUMENTATION_COMMENTS = YES;
				CLANG_WARN_EMPTY_BODY = YES;
				CLANG_WARN_ENUM_CONVERSION = YES;
				CLANG_WARN_INFINITE_RECURSION = YES;
				CLANG_WARN_INT_CONVERSION = YES;
				CLANG_WARN_NON_LITERAL_NULL_CONVERSION = YES;
				CLANG_WARN_OBJC_IMPLICIT_RETAIN_SELF = YES;
				CLANG_WARN_OBJC_LITERAL_CONVERSION = YES;
				CLANG_WARN_OBJC_ROOT_CLASS = YES_ERROR;
				CLANG_WARN_QUOTED_INCLUDE_IN_FRAMEWORK_HEADER = YES;
				CLANG_WARN_RANGE_LOOP_ANALYSIS = YES;
				CLANG_WARN_STRICT_PROTOTYPES = YES;
				CLANG_WARN_SUSPICIOUS_MOVE = YES;
				CLANG_WARN_UNGUARDED_AVAILABILITY = YES_AGGRESSIVE;
				CLANG_WARN_UNREACHABLE_CODE = YES;
				CLANG_WARN__DUPLICATE_METHOD_MATCH = YES;
				COPY_PHASE_STRIP = NO;
				DEBUG_INFORMATION_FORMAT = dwarf;
				ENABLE_STRICT_OBJC_MSGSEND = YES;
				ENABLE_TESTABILITY = YES;
				ENABLE_USER_SCRIPT_SANDBOXING = YES;
				GCC_C_LANGUAGE_STANDARD = gnu17;
				GCC_DYNAMIC_NO_PIC = NO;
				GCC_NO_COMMON_BLOCKS = YES;
				GCC_OPTIMIZATION_LEVEL = 0;
				GCC_PREPROCESSOR_DEFINITIONS = (
					"DEBUG=1",
					"$(inherited)",
				);
				GCC_WARN_64_TO_32_BIT_CONVERSION = YES;
				GCC_WARN_ABOUT_RETURN_TYPE = YES_ERROR;
				GCC_WARN_UNDECLARED_SELECTOR = YES;
				GCC_WARN_UNINITIALIZED_AUTOS = YES_AGGRESSIVE;
				GCC_WARN_UNUSED_FUNCTION = YES;
				GCC_WARN_UNUSED_VARIABLE = YES;
				IPHONEOS_DEPLOYMENT_TARGET = 13.0;
				LOCALIZATION_PREFERS_STRING_CATALOGS = YES;
				MTL_ENABLE_DEBUG_INFO = INCLUDE_SOURCE;
				MTL_FAST_MATH = YES;
				ONLY_ACTIVE_ARCH = YES;
				SDKROOT = iphoneos;
				SWIFT_ACTIVE_COMPILATION_CONDITIONS = "DEBUG $(inherited)";
				SWIFT_OPTIMIZATION_LEVEL = "-Onone";
			};
			name = Debug;
		};
		D9B37EC12BE7A67300AC1C55 /* Release */ = {
			isa = XCBuildConfiguration;
			buildSettings = {
				ALWAYS_SEARCH_USER_PATHS = NO;
				ASSETCATALOG_COMPILER_GENERATE_SWIFT_ASSET_SYMBOL_EXTENSIONS = YES;
				CLANG_ANALYZER_LOCALIZABILITY_NONLOCALIZED = YES;
				CLANG_ANALYZER_NONNULL = YES;
				CLANG_ANALYZER_NUMBER_OBJECT_CONVERSION = YES_AGGRESSIVE;
				CLANG_CXX_LANGUAGE_STANDARD = "gnu++20";
				CLANG_ENABLE_MODULES = YES;
				CLANG_ENABLE_OBJC_ARC = YES;
				CLANG_ENABLE_OBJC_WEAK = YES;
				CLANG_WARN_BLOCK_CAPTURE_AUTORELEASING = YES;
				CLANG_WARN_BOOL_CONVERSION = YES;
				CLANG_WARN_COMMA = YES;
				CLANG_WARN_CONSTANT_CONVERSION = YES;
				CLANG_WARN_DEPRECATED_OBJC_IMPLEMENTATIONS = YES;
				CLANG_WARN_DIRECT_OBJC_ISA_USAGE = YES_ERROR;
				CLANG_WARN_DOCUMENTATION_COMMENTS = YES;
				CLANG_WARN_EMPTY_BODY = YES;
				CLANG_WARN_ENUM_CONVERSION = YES;
				CLANG_WARN_INFINITE_RECURSION = YES;
				CLANG_WARN_INT_CONVERSION = YES;
				CLANG_WARN_NON_LITERAL_NULL_CONVERSION = YES;
				CLANG_WARN_OBJC_IMPLICIT_RETAIN_SELF = YES;
				CLANG_WARN_OBJC_LITERAL_CONVERSION = YES;
				CLANG_WARN_OBJC_ROOT_CLASS = YES_ERROR;
				CLANG_WARN_QUOTED_INCLUDE_IN_FRAMEWORK_HEADER = YES;
				CLANG_WARN_RANGE_LOOP_ANALYSIS = YES;
				CLANG_WARN_STRICT_PROTOTYPES = YES;
				CLANG_WARN_SUSPICIOUS_MOVE = YES;
				CLANG_WARN_UNGUARDED_AVAILABILITY = YES_AGGRESSIVE;
				CLANG_WARN_UNREACHABLE_CODE = YES;
				CLANG_WARN__DUPLICATE_METHOD_MATCH = YES;
				COPY_PHASE_STRIP = NO;
				DEBUG_INFORMATION_FORMAT = "dwarf-with-dsym";
				ENABLE_NS_ASSERTIONS = NO;
				ENABLE_STRICT_OBJC_MSGSEND = YES;
				ENABLE_USER_SCRIPT_SANDBOXING = YES;
				GCC_C_LANGUAGE_STANDARD = gnu17;
				GCC_NO_COMMON_BLOCKS = YES;
				GCC_WARN_64_TO_32_BIT_CONVERSION = YES;
				GCC_WARN_ABOUT_RETURN_TYPE = YES_ERROR;
				GCC_WARN_UNDECLARED_SELECTOR = YES;
				GCC_WARN_UNINITIALIZED_AUTOS = YES_AGGRESSIVE;
				GCC_WARN_UNUSED_FUNCTION = YES;
				GCC_WARN_UNUSED_VARIABLE = YES;
				IPHONEOS_DEPLOYMENT_TARGET = 13.0;
				LOCALIZATION_PREFERS_STRING_CATALOGS = YES;
				MTL_ENABLE_DEBUG_INFO = NO;
				MTL_FAST_MATH = YES;
				SDKROOT = iphoneos;
				SWIFT_COMPILATION_MODE = wholemodule;
				VALIDATE_PRODUCT = YES;
			};
			name = Release;
		};
		D9B37EC32BE7A67300AC1C55 /* Debug */ = {
			isa = XCBuildConfiguration;
			buildSettings = {
				ASSETCATALOG_COMPILER_APPICON_NAME = AppIcon;
				ASSETCATALOG_COMPILER_GLOBAL_ACCENT_COLOR_NAME = AccentColor;
				CODE_SIGN_IDENTITY = "Apple Development";
				CODE_SIGN_STYLE = Automatic;
				CURRENT_PROJECT_VERSION = 1;
				DEVELOPMENT_TEAM = 3X7HFG8283;
				GENERATE_INFOPLIST_FILE = YES;
				INFOPLIST_FILE = ODindi/Info.plist;
				INFOPLIST_KEY_CFBundleDisplayName = "어디인디";
				INFOPLIST_KEY_LSApplicationCategoryType = "";
				INFOPLIST_KEY_NSLocationWhenInUseUsageDescription = "근처에 위치한 독립영화관을 찾기 위해 위치 권한 허용이 필요합니다";
				INFOPLIST_KEY_UILaunchStoryboardName = LaunchScreen;
				INFOPLIST_KEY_UISupportedInterfaceOrientations = UIInterfaceOrientationPortrait;
				INFOPLIST_KEY_UISupportedInterfaceOrientations_iPad = "UIInterfaceOrientationLandscapeLeft UIInterfaceOrientationLandscapeRight UIInterfaceOrientationPortrait UIInterfaceOrientationPortraitUpsideDown";
				INFOPLIST_KEY_UIUserInterfaceStyle = Light;
				IPHONEOS_DEPLOYMENT_TARGET = 13.0;
				LD_RUNPATH_SEARCH_PATHS = (
					"$(inherited)",
					"@executable_path/Frameworks",
				);
				MACH_O_TYPE = mh_execute;
				MARKETING_VERSION = 1.0;
				PRODUCT_BUNDLE_IDENTIFIER = BrownOdyssey.ODindi;
				PRODUCT_NAME = "$(TARGET_NAME)";
				PROVISIONING_PROFILE_SPECIFIER = "";
				SUPPORTED_PLATFORMS = "iphoneos iphonesimulator";
				SUPPORTS_MACCATALYST = NO;
				SUPPORTS_MAC_DESIGNED_FOR_IPHONE_IPAD = NO;
				SUPPORTS_XR_DESIGNED_FOR_IPHONE_IPAD = NO;
				SWIFT_EMIT_LOC_STRINGS = YES;
				SWIFT_VERSION = 5.0;
				TARGETED_DEVICE_FAMILY = 1;
			};
			name = Debug;
		};
		D9B37EC42BE7A67300AC1C55 /* Release */ = {
			isa = XCBuildConfiguration;
			buildSettings = {
				ASSETCATALOG_COMPILER_APPICON_NAME = AppIcon;
				ASSETCATALOG_COMPILER_GLOBAL_ACCENT_COLOR_NAME = AccentColor;
				CODE_SIGN_IDENTITY = "Apple Development";
				CODE_SIGN_STYLE = Automatic;
				CURRENT_PROJECT_VERSION = 1;
				DEVELOPMENT_TEAM = 3X7HFG8283;
				GENERATE_INFOPLIST_FILE = YES;
				INFOPLIST_FILE = ODindi/Info.plist;
				INFOPLIST_KEY_CFBundleDisplayName = "어디인디";
				INFOPLIST_KEY_LSApplicationCategoryType = "";
				INFOPLIST_KEY_NSLocationWhenInUseUsageDescription = "근처에 위치한 독립영화관을 찾기 위해 위치 권한 허용이 필요합니다";
				INFOPLIST_KEY_UILaunchStoryboardName = LaunchScreen;
				INFOPLIST_KEY_UISupportedInterfaceOrientations = UIInterfaceOrientationPortrait;
				INFOPLIST_KEY_UISupportedInterfaceOrientations_iPad = "UIInterfaceOrientationLandscapeLeft UIInterfaceOrientationLandscapeRight UIInterfaceOrientationPortrait UIInterfaceOrientationPortraitUpsideDown";
				INFOPLIST_KEY_UIUserInterfaceStyle = Light;
				IPHONEOS_DEPLOYMENT_TARGET = 13.0;
				LD_RUNPATH_SEARCH_PATHS = (
					"$(inherited)",
					"@executable_path/Frameworks",
				);
				MACH_O_TYPE = mh_execute;
				MARKETING_VERSION = 1.0;
				PRODUCT_BUNDLE_IDENTIFIER = BrownOdyssey.ODindi;
				PRODUCT_NAME = "$(TARGET_NAME)";
				PROVISIONING_PROFILE_SPECIFIER = "";
				SUPPORTED_PLATFORMS = "iphoneos iphonesimulator";
				SUPPORTS_MACCATALYST = NO;
				SUPPORTS_MAC_DESIGNED_FOR_IPHONE_IPAD = NO;
				SUPPORTS_XR_DESIGNED_FOR_IPHONE_IPAD = NO;
				SWIFT_EMIT_LOC_STRINGS = YES;
				SWIFT_VERSION = 5.0;
				TARGETED_DEVICE_FAMILY = 1;
			};
			name = Release;
		};
/* End XCBuildConfiguration section */

/* Begin XCConfigurationList section */
		D9B37EA92BE7A67200AC1C55 /* Build configuration list for PBXProject "ODindi" */ = {
			isa = XCConfigurationList;
			buildConfigurations = (
				D9B37EC02BE7A67300AC1C55 /* Debug */,
				D9B37EC12BE7A67300AC1C55 /* Release */,
			);
			defaultConfigurationIsVisible = 0;
			defaultConfigurationName = Release;
		};
		D9B37EC22BE7A67300AC1C55 /* Build configuration list for PBXNativeTarget "ODindi" */ = {
			isa = XCConfigurationList;
			buildConfigurations = (
				D9B37EC32BE7A67300AC1C55 /* Debug */,
				D9B37EC42BE7A67300AC1C55 /* Release */,
			);
			defaultConfigurationIsVisible = 0;
			defaultConfigurationName = Release;
		};
/* End XCConfigurationList section */

/* Begin XCRemoteSwiftPackageReference section */
		D90253BB2C2C207C001198C6 /* XCRemoteSwiftPackageReference "SwiftSoup" */ = {
			isa = XCRemoteSwiftPackageReference;
			repositoryURL = "https://github.com/scinfu/SwiftSoup";
			requirement = {
				kind = upToNextMajorVersion;
				minimumVersion = 2.7.2;
			};
		};
		D94CDCE72C04CA300096951E /* XCRemoteSwiftPackageReference "Loaf" */ = {
			isa = XCRemoteSwiftPackageReference;
			repositoryURL = "https://github.com/schmidyy/Loaf.git";
			requirement = {
				kind = upToNextMajorVersion;
				minimumVersion = 0.7.0;
			};
		};
		D9AF46652BF490AB00DDC787 /* XCRemoteSwiftPackageReference "RxAppState" */ = {
			isa = XCRemoteSwiftPackageReference;
			repositoryURL = "https://github.com/pixeldock/RxAppState.git";
			requirement = {
				kind = upToNextMajorVersion;
				minimumVersion = 1.8.1;
			};
		};
		D9B37EDF2BE7B34800AC1C55 /* XCRemoteSwiftPackageReference "RxCoreLocation" */ = {
			isa = XCRemoteSwiftPackageReference;
			repositoryURL = "https://github.com/RxSwiftCommunity/RxCoreLocation.git";
			requirement = {
				kind = upToNextMajorVersion;
				minimumVersion = 1.5.1;
			};
		};
		D9B37EE22BE7D21000AC1C55 /* XCRemoteSwiftPackageReference "Then" */ = {
			isa = XCRemoteSwiftPackageReference;
			repositoryURL = "https://github.com/devxoul/Then";
			requirement = {
				kind = upToNextMajorVersion;
				minimumVersion = 3.0.0;
			};
		};
		D9B918482C18400B000C9443 /* XCRemoteSwiftPackageReference "realm-swift" */ = {
			isa = XCRemoteSwiftPackageReference;
			repositoryURL = "https://github.com/realm/realm-swift.git";
			requirement = {
				branch = master;
				kind = branch;
			};
		};
		D9B9184D2C184012000C9443 /* XCRemoteSwiftPackageReference "SnapKit" */ = {
			isa = XCRemoteSwiftPackageReference;
			repositoryURL = "https://github.com/SnapKit/SnapKit";
			requirement = {
				kind = upToNextMajorVersion;
				minimumVersion = 5.7.1;
			};
		};
		D9B918522C184019000C9443 /* XCRemoteSwiftPackageReference "RxSwift" */ = {
			isa = XCRemoteSwiftPackageReference;
			repositoryURL = "https://github.com/ReactiveX/RxSwift.git";
			requirement = {
				kind = upToNextMajorVersion;
				minimumVersion = 6.7.1;
			};
		};
		D9F070A42BF106BD00F21641 /* XCRemoteSwiftPackageReference "Kingfisher" */ = {
			isa = XCRemoteSwiftPackageReference;
			repositoryURL = "https://github.com/onevcat/Kingfisher";
			requirement = {
				kind = upToNextMajorVersion;
				minimumVersion = 7.11.0;
			};
		};
/* End XCRemoteSwiftPackageReference section */

/* Begin XCSwiftPackageProductDependency section */
		D90253BC2C2C207C001198C6 /* SwiftSoup */ = {
			isa = XCSwiftPackageProductDependency;
			package = D90253BB2C2C207C001198C6 /* XCRemoteSwiftPackageReference "SwiftSoup" */;
			productName = SwiftSoup;
		};
		D94CDCE82C04CA300096951E /* Loaf */ = {
			isa = XCSwiftPackageProductDependency;
			package = D94CDCE72C04CA300096951E /* XCRemoteSwiftPackageReference "Loaf" */;
			productName = Loaf;
		};
		D9AF46662BF490AB00DDC787 /* RxAppState */ = {
			isa = XCSwiftPackageProductDependency;
			package = D9AF46652BF490AB00DDC787 /* XCRemoteSwiftPackageReference "RxAppState" */;
			productName = RxAppState;
		};
		D9B37EE02BE7B34800AC1C55 /* RxCoreLocation */ = {
			isa = XCSwiftPackageProductDependency;
			package = D9B37EDF2BE7B34800AC1C55 /* XCRemoteSwiftPackageReference "RxCoreLocation" */;
			productName = RxCoreLocation;
		};
		D9B37EE32BE7D21000AC1C55 /* Then */ = {
			isa = XCSwiftPackageProductDependency;
			package = D9B37EE22BE7D21000AC1C55 /* XCRemoteSwiftPackageReference "Then" */;
			productName = Then;
		};
		D9B9184B2C18400B000C9443 /* RealmSwift */ = {
			isa = XCSwiftPackageProductDependency;
			package = D9B918482C18400B000C9443 /* XCRemoteSwiftPackageReference "realm-swift" */;
			productName = RealmSwift;
		};
		D9B9184E2C184012000C9443 /* SnapKit */ = {
			isa = XCSwiftPackageProductDependency;
			package = D9B9184D2C184012000C9443 /* XCRemoteSwiftPackageReference "SnapKit" */;
			productName = SnapKit;
		};
		D9B918532C184019000C9443 /* RxBlocking */ = {
			isa = XCSwiftPackageProductDependency;
			package = D9B918522C184019000C9443 /* XCRemoteSwiftPackageReference "RxSwift" */;
			productName = RxBlocking;
		};
		D9B918572C184019000C9443 /* RxCocoa */ = {
			isa = XCSwiftPackageProductDependency;
			package = D9B918522C184019000C9443 /* XCRemoteSwiftPackageReference "RxSwift" */;
			productName = RxCocoa;
		};
		D9B9185B2C184019000C9443 /* RxRelay */ = {
			isa = XCSwiftPackageProductDependency;
			package = D9B918522C184019000C9443 /* XCRemoteSwiftPackageReference "RxSwift" */;
			productName = RxRelay;
		};
		D9F070A52BF106BE00F21641 /* Kingfisher */ = {
			isa = XCSwiftPackageProductDependency;
			package = D9F070A42BF106BD00F21641 /* XCRemoteSwiftPackageReference "Kingfisher" */;
			productName = Kingfisher;
		};
/* End XCSwiftPackageProductDependency section */
	};
	rootObject = D9B37EA62BE7A67200AC1C55 /* Project object */;
}
